github.com/cpuguy83/go-md2man/v2 v2.0.2/go.mod h1:tgQtvFlXSQOSOSIRvRPT7W67SCa46tRHOmNcaadrF8o=
github.com/davecgh/go-spew v1.1.1 h1:vj9j/u1bqnvCEfJOwUhtlOARqs3+rkHYY13jYWTU97c=
github.com/davecgh/go-spew v1.1.1/go.mod h1:J7Y8YcW2NihsgmVo/mv3lAwl/skON4iLHjSsI+c5H38=
github.com/go-stack/stack v1.8.1 h1:ntEHSVwIt7PNXNpgPmVfMrNhLtgjlmnZha2kOpuRiDw=
github.com/go-stack/stack v1.8.1/go.mod h1:dcoOX6HbPZSZptuspn9bctJ+N/CnF5gGygcUP3XYfe4=
github.com/hashicorp/errwrap v1.0.0 h1:hLrqtEDnRye3+sgx6z4qVLNuviH3MR5aQ0ykNJa/UYA=
github.com/hashicorp/errwrap v1.0.0/go.mod h1:YH+1FKiLXxHSkmPseP+kNlulaMuP3n2brvKWEqk/Jc4=
github.com/hashicorp/go-multierror v1.1.1 h1:H5DkEtf6CXdFp0N0Em5UCwQpXMWke8IA0+lD48awMYo=
github.com/hashicorp/go-multierror v1.1.1/go.mod h1:iw975J/qwKPdAO1clOe2L8331t/9/fmwbPZ6JB6eMoM=
github.com/inconshreveable/mousetrap v1.1.0 h1:wN+x4NVGpMsO7ErUn/mUI3vEoE6Jt13X2s0bqwp9tc8=
github.com/inconshreveable/mousetrap v1.1.0/go.mod h1:vpF70FUmC8bwa3OWnCshd2FqLfsEA9PFc4w1p2J65bw=
github.com/jasonhancock/cobra-logger v0.0.3 h1:SJrGf4TeAh5EbSoqZa2FzirOCk5uaWMr6S6M4sUM+mI=
github.com/jasonhancock/cobra-logger v0.0.3/go.mod h1:QuhiBvGrRFwUspKP08/0QVEiUgmh9IWxWuk2lSBB4Ms=
github.com/jasonhancock/cobra-version v0.0.4 h1:oxTyL3Gw/8gRCMl2iUmWybAuM2BgECSjpJwzaeu6Wbg=
github.com/jasonhancock/cobra-version v0.0.4/go.mod h1:2u5UC6RXYhob2XmDLn8jkJdk4s+0xkUUwpi0ERUdu2A=
github.com/jasonhancock/go-env v0.0.3 h1:Fimz0wUogkc/FstqevOAY+RdUiRQDeEzoexy/edlqbo=
github.com/jasonhancock/go-env v0.0.3/go.mod h1:5tS38RxYzmesLfb0J7tUbOHP4KYSmXxn0vA0rPsYmYg=
github.com/jasonhancock/go-helpers v0.0.2 h1:P397tFl/Z/3VH3lLs1pc4c/NmaCzSWXUaZK5aH5DR2c=
github.com/jasonhancock/go-helpers v0.0.2/go.mod h1:nVI/lbNsZwlTV4zfFMXKxdE4pfw7fJ9/E5LxugkX7tc=
github.com/jasonhancock/go-logger v0.0.3 h1:QNlbcP8Q6ltKbaqYnHdPn40I9YZRHY6LOOEWV1nttDY=
github.com/jasonhancock/go-logger v0.0.3/go.mod h1:0/7gOHEGqqVGABLmJk8HkGGYJqU4Lx1s33+sVG794RA=
github.com/jasonhancock/go-testhelpers/generic v0.0.2 h1:AsIFoiRK4MfDv7/Ysj5AKiCc3q/rDK29iTwu5rZgwOo=
github.com/jasonhancock/go-testhelpers/generic v0.0.2/go.mod h1:90kbMynYIF0ow32UPi12eNaqFPF2UP7CamexRxB9YA4=
github.com/kr/pretty v0.2.0 h1:s5hAObm+yFO5uHYt5dYjxi2rXrsnmRpJx4OYvIWUaQs=
github.com/kr/pretty v0.2.0/go.mod h1:ipq/a2n7PKx3OHsz4KJII5eveXtPO4qwEXGdVfWzfnI=
github.com/kr/pty v1.1.1/go.mod h1:pFQYn66WHrOpPYNljwOMqo10TkYh1fy3cYio2l3bCsQ=
github.com/kr/text v0.1.0 h1:45sCR5RtlFHMR4UwH9sdQ5TC8v0qDQCHnXt+kaKSTVE=
github.com/kr/text v0.1.0/go.mod h1:4Jbv+DJW3UT/LiOwJeYQe1efqtUx/iVham/4vfdArNI=
github.com/pmezard/go-difflib v1.0.0 h1:4DBwDE0NGyQoBHbLQYPwSUPoCMWR5BEzIk/f1lZbAQM=
github.com/pmezard/go-difflib v1.0.0/go.mod h1:iKH77koFhYxTK1pcRnkKkqfTogsbg7gZNVY4sRDYZ/4=
github.com/russross/blackfriday/v2 v2.1.0/go.mod h1:+Rmxgy9KzJVeS9/2gXHxylqXiyQDYRxCVz55jmeOWTM=
github.com/spf13/cobra v1.7.0 h1:hyqWnYt1ZQShIddO5kBpj3vu05/++x6tJ6dg8EC572I=
github.com/spf13/cobra v1.7.0/go.mod h1:uLxZILRyS/50WlhOIKD7W6V5bgeIt+4sICxh6uRMrb0=
github.com/spf13/pflag v1.0.5 h1:iy+VFUOCP1a+8yFto/drg2CJ5u0yRoB7fZw3DKv/JXA=
github.com/spf13/pflag v1.0.5/go.mod h1:McXfInJRrz4CZXVZOBLb0bTZqETkiAhM9Iw0y3An2Bg=
github.com/stretchr/testify v1.8.4 h1:CcVxjf3Q8PM0mHUKJCdn+eZZtm5yQwehR5yeSVQQcUk=
github.com/stretchr/testify v1.8.4/go.mod h1:sz/lmYIOXD/1dqDmKjjqLyZ2RngseejIcXlSw2iwfAo=
gopkg.in/check.v1 v0.0.0-20161208181325-20d25e280405/go.mod h1:Co6ibVJAznAaIkqp8huTwlJQCZ016jof/cbN4VW5Yz0=
gopkg.in/check.v1 v1.0.0-20190902080502-41f04d3bba15 h1:YR8cESwS4TdDjEe65xsg0ogRM/Nc3DYOhEAlW+xobZo=
gopkg.in/check.v1 v1.0.0-20190902080502-41f04d3bba15/go.mod h1:Co6ibVJAznAaIkqp8huTwlJQCZ016jof/cbN4VW5Yz0=
gopkg.in/fatih/pool.v2 v2.0.0 h1:xIFeWtxifuQJGk/IEPKsTduEKcKvPmhoiVDGpC40nKg=
gopkg.in/fatih/pool.v2 v2.0.0/go.mod h1:8xVGeu1/2jr2wm5V9SPuMht2H5AEmf5aFMGSQixtjTY=
gopkg.in/yaml.v2 v2.3.0 h1:clyUAQHOM3G0M3f5vQj7LuJrETvjVot3Z5el9nffUtU=
gopkg.in/yaml.v2 v2.3.0/go.mod h1:hI93XBmqTisBFMUTm0b8Fm+jr3Dg1NNxqwp+5A1VGuI=
gopkg.in/yaml.v3 v3.0.1 h1:fxVm/GzAzEWqLHuvctI91KS9hhNmmWOoWu0XTYJS7CA=
gopkg.in/yaml.v3 v3.0.1/go.mod h1:K4uyk7z7BCEPqu6E+C64Yfv1cQ7kz7rIZviUmN+EgEM=
